
Microsoft Visual Studio Solution File, Format Version 12.00
# Visual Studio 14
VisualStudioVersion = 14.0.25123.0
MinimumVisualStudioVersion = 10.0.40219.1
Project("{FAE04EC0-301F-11D3-BF4B-00C04F79EFBC}") = "ML.TypingClassifier", "ML.TypingClassifier\ML.TypingClassifier.csproj", "{E0CB48C8-4843-4D60-9595-67746B5B6B01}"
EndProject
Project("{FAE04EC0-301F-11D3-BF4B-00C04F79EFBC}") = "ML.TypingClassifier.Tests", "ML.TypingClassifier.Tests\ML.TypingClassifier.Tests.csproj", "{53099859-32B5-46F1-A325-37DF49215999}"
EndProject
Global
	GlobalSection(SolutionConfigurationPlatforms) = preSolution
		Debug|Any CPU = Debug|Any CPU
		Release|Any CPU = Release|Any CPU
	EndGlobalSection
	GlobalSection(ProjectConfigurationPlatforms) = postSolution
		{E0CB48C8-4843-4D60-9595-67746B5B6B01}.Debug|Any CPU.ActiveCfg = Debug|Any CPU
		{E0CB48C8-4843-4D60-9595-67746B5B6B01}.Debug|Any CPU.Build.0 = Debug|Any CPU
		{E0CB48C8-4843-4D60-9595-67746B5B6B01}.Release|Any CPU.ActiveCfg = Release|Any CPU
		{E0CB48C8-4843-4D60-9595-67746B5B6B01}.Release|Any CPU.Build.0 = Release|Any CPU
		{53099859-32B5-46F1-A325-37DF49215999}.Debug|Any CPU.ActiveCfg = Debug|Any CPU
		{53099859-32B5-46F1-A325-37DF49215999}.Debug|Any CPU.Build.0 = Debug|Any CPU
		{53099859-32B5-46F1-A325-37DF49215999}.Release|Any CPU.ActiveCfg = Release|Any CPU
		{53099859-32B5-46F1-A325-37DF49215999}.Release|Any CPU.Build.0 = Release|Any CPU
	EndGlobalSection
	GlobalSection(SolutionProperties) = preSolution
		HideSolutionNode = FALSE
	EndGlobalSection
EndGlobal
