
Microsoft Visual Studio Solution File, Format Version 12.00
# Visual Studio 14
VisualStudioVersion = 14.0.25123.0
MinimumVisualStudioVersion = 10.0.40219.1
Project("{FAE04EC0-301F-11D3-BF4B-00C04F79EFBC}") = "ML.TypingClassifier", "ML.TypingClassifier\ML.TypingClassifier.csproj", "{7BB6C2F9-E025-4F21-8E21-CB0E2809CCB3}"
EndProject
Project("{FAE04EC0-301F-11D3-BF4B-00C04F79EFBC}") = "ML.TypingClassifier.Tests", "ML.TypingClassifier.Tests\ML.TypingClassifier.Tests.csproj", "{6A72E58E-E79D-4FDD-82DB-5B2636FC49A2}"
EndProject
Project("{00D1A9C2-B5F0-4AF3-8072-F6C62B433612}") = "ML.TypingClassifierDB", "ML.TypingClassifierDB\ML.TypingClassifierDB.sqlproj", "{A6B9B2B1-148D-4748-8F67-2CB49EE27148}"
EndProject
Global
	GlobalSection(SolutionConfigurationPlatforms) = preSolution
		Debug|Any CPU = Debug|Any CPU
		Release|Any CPU = Release|Any CPU
	EndGlobalSection
	GlobalSection(ProjectConfigurationPlatforms) = postSolution
		{7BB6C2F9-E025-4F21-8E21-CB0E2809CCB3}.Debug|Any CPU.ActiveCfg = Debug|Any CPU
		{7BB6C2F9-E025-4F21-8E21-CB0E2809CCB3}.Debug|Any CPU.Build.0 = Debug|Any CPU
		{7BB6C2F9-E025-4F21-8E21-CB0E2809CCB3}.Release|Any CPU.ActiveCfg = Release|Any CPU
		{7BB6C2F9-E025-4F21-8E21-CB0E2809CCB3}.Release|Any CPU.Build.0 = Release|Any CPU
		{6A72E58E-E79D-4FDD-82DB-5B2636FC49A2}.Debug|Any CPU.ActiveCfg = Debug|Any CPU
		{6A72E58E-E79D-4FDD-82DB-5B2636FC49A2}.Debug|Any CPU.Build.0 = Debug|Any CPU
		{6A72E58E-E79D-4FDD-82DB-5B2636FC49A2}.Release|Any CPU.ActiveCfg = Release|Any CPU
		{6A72E58E-E79D-4FDD-82DB-5B2636FC49A2}.Release|Any CPU.Build.0 = Release|Any CPU
		{A6B9B2B1-148D-4748-8F67-2CB49EE27148}.Debug|Any CPU.ActiveCfg = Debug|Any CPU
		{A6B9B2B1-148D-4748-8F67-2CB49EE27148}.Debug|Any CPU.Build.0 = Debug|Any CPU
		{A6B9B2B1-148D-4748-8F67-2CB49EE27148}.Debug|Any CPU.Deploy.0 = Debug|Any CPU
		{A6B9B2B1-148D-4748-8F67-2CB49EE27148}.Release|Any CPU.ActiveCfg = Release|Any CPU
		{A6B9B2B1-148D-4748-8F67-2CB49EE27148}.Release|Any CPU.Build.0 = Release|Any CPU
		{A6B9B2B1-148D-4748-8F67-2CB49EE27148}.Release|Any CPU.Deploy.0 = Release|Any CPU
	EndGlobalSection
	GlobalSection(SolutionProperties) = preSolution
		HideSolutionNode = FALSE
	EndGlobalSection
EndGlobal
